// !$*UTF8*$!
{
	archiveVersion = 1;
	classes = {
	};
	objectVersion = 56;
	objects = {

/* Begin PBXBuildFile section */
		3C3285082C51555700C27545 /* ButtonSection.swift in Sources */ = {isa = PBXBuildFile; fileRef = 3C3285072C51555700C27545 /* ButtonSection.swift */; };
		3C32850A2C5155BD00C27545 /* ImageSection.swift in Sources */ = {isa = PBXBuildFile; fileRef = 3C3285092C5155BD00C27545 /* ImageSection.swift */; };
		3C32850C2C515B5000C27545 /* TextSection.swift in Sources */ = {isa = PBXBuildFile; fileRef = 3C32850B2C515B5000C27545 /* TextSection.swift */; };
		3C32850E2C518A9C00C27545 /* Avatar.swift in Sources */ = {isa = PBXBuildFile; fileRef = 3C32850D2C518A9C00C27545 /* Avatar.swift */; };
		3C3285102C518AC700C27545 /* Heading.swift in Sources */ = {isa = PBXBuildFile; fileRef = 3C32850F2C518AC700C27545 /* Heading.swift */; };
		3C3285122C518ADC00C27545 /* Title.swift in Sources */ = {isa = PBXBuildFile; fileRef = 3C3285112C518ADC00C27545 /* Title.swift */; };
		3C3285142C518AF500C27545 /* WoofCard.swift in Sources */ = {isa = PBXBuildFile; fileRef = 3C3285132C518AF500C27545 /* WoofCard.swift */; };
		3C3285162C518B0800C27545 /* WoofPost.swift in Sources */ = {isa = PBXBuildFile; fileRef = 3C3285152C518B0800C27545 /* WoofPost.swift */; };
		3C3285182C518CB900C27545 /* Data.swift in Sources */ = {isa = PBXBuildFile; fileRef = 3C3285172C518CB900C27545 /* Data.swift */; };
		3C32851A2C51900500C27545 /* test.swift in Sources */ = {isa = PBXBuildFile; fileRef = 3C3285192C51900500C27545 /* test.swift */; };
		3C32851C2C52EB2700C27545 /* CreateWorkout.swift in Sources */ = {isa = PBXBuildFile; fileRef = 3C32851B2C52EB2700C27545 /* CreateWorkout.swift */; };
		3C32851E2C52EDD200C27545 /* WorkoutCreatedView.swift in Sources */ = {isa = PBXBuildFile; fileRef = 3C32851D2C52EDD200C27545 /* WorkoutCreatedView.swift */; };
		3C583CCC2C3446F6000FA7B2 /* HyroxFit2App.swift in Sources */ = {isa = PBXBuildFile; fileRef = 3C583CCB2C3446F6000FA7B2 /* HyroxFit2App.swift */; };
		3C583CCE2C3446F6000FA7B2 /* ContentView.swift in Sources */ = {isa = PBXBuildFile; fileRef = 3C583CCD2C3446F6000FA7B2 /* ContentView.swift */; };
		3C583CD02C3446F8000FA7B2 /* Assets.xcassets in Resources */ = {isa = PBXBuildFile; fileRef = 3C583CCF2C3446F8000FA7B2 /* Assets.xcassets */; };
		3C583CD32C3446F8000FA7B2 /* Preview Assets.xcassets in Resources */ = {isa = PBXBuildFile; fileRef = 3C583CD22C3446F8000FA7B2 /* Preview Assets.xcassets */; };
/* End PBXBuildFile section */

/* Begin PBXFileReference section */
		3C3285072C51555700C27545 /* ButtonSection.swift */ = {isa = PBXFileReference; lastKnownFileType = sourcecode.swift; path = ButtonSection.swift; sourceTree = "<group>"; };
		3C3285092C5155BD00C27545 /* ImageSection.swift */ = {isa = PBXFileReference; lastKnownFileType = sourcecode.swift; path = ImageSection.swift; sourceTree = "<group>"; };
		3C32850B2C515B5000C27545 /* TextSection.swift */ = {isa = PBXFileReference; lastKnownFileType = sourcecode.swift; path = TextSection.swift; sourceTree = "<group>"; };
		3C32850D2C518A9C00C27545 /* Avatar.swift */ = {isa = PBXFileReference; lastKnownFileType = sourcecode.swift; path = Avatar.swift; sourceTree = "<group>"; };
		3C32850F2C518AC700C27545 /* Heading.swift */ = {isa = PBXFileReference; lastKnownFileType = sourcecode.swift; path = Heading.swift; sourceTree = "<group>"; };
		3C3285112C518ADC00C27545 /* Title.swift */ = {isa = PBXFileReference; lastKnownFileType = sourcecode.swift; path = Title.swift; sourceTree = "<group>"; };
		3C3285132C518AF500C27545 /* WoofCard.swift */ = {isa = PBXFileReference; lastKnownFileType = sourcecode.swift; path = WoofCard.swift; sourceTree = "<group>"; };
		3C3285152C518B0800C27545 /* WoofPost.swift */ = {isa = PBXFileReference; lastKnownFileType = sourcecode.swift; path = WoofPost.swift; sourceTree = "<group>"; };
		3C3285172C518CB900C27545 /* Data.swift */ = {isa = PBXFileReference; lastKnownFileType = sourcecode.swift; path = Data.swift; sourceTree = "<group>"; };
		3C3285192C51900500C27545 /* test.swift */ = {isa = PBXFileReference; lastKnownFileType = sourcecode.swift; path = test.swift; sourceTree = "<group>"; };
		3C32851B2C52EB2700C27545 /* CreateWorkout.swift */ = {isa = PBXFileReference; lastKnownFileType = sourcecode.swift; path = CreateWorkout.swift; sourceTree = "<group>"; };
		3C32851D2C52EDD200C27545 /* WorkoutCreatedView.swift */ = {isa = PBXFileReference; lastKnownFileType = sourcecode.swift; path = WorkoutCreatedView.swift; sourceTree = "<group>"; };
		3C583CC82C3446F6000FA7B2 /* HyroxFit2.app */ = {isa = PBXFileReference; explicitFileType = wrapper.application; includeInIndex = 0; path = HyroxFit2.app; sourceTree = BUILT_PRODUCTS_DIR; };
		3C583CCB2C3446F6000FA7B2 /* HyroxFit2App.swift */ = {isa = PBXFileReference; lastKnownFileType = sourcecode.swift; path = HyroxFit2App.swift; sourceTree = "<group>"; };
		3C583CCD2C3446F6000FA7B2 /* ContentView.swift */ = {isa = PBXFileReference; lastKnownFileType = sourcecode.swift; path = ContentView.swift; sourceTree = "<group>"; };
		3C583CCF2C3446F8000FA7B2 /* Assets.xcassets */ = {isa = PBXFileReference; lastKnownFileType = folder.assetcatalog; path = Assets.xcassets; sourceTree = "<group>"; };
		3C583CD22C3446F8000FA7B2 /* Preview Assets.xcassets */ = {isa = PBXFileReference; lastKnownFileType = folder.assetcatalog; path = "Preview Assets.xcassets"; sourceTree = "<group>"; };
/* End PBXFileReference section */

/* Begin PBXFrameworksBuildPhase section */
		3C583CC52C3446F6000FA7B2 /* Frameworks */ = {
			isa = PBXFrameworksBuildPhase;
			buildActionMask = 2147483647;
			files = (
			);
			runOnlyForDeploymentPostprocessing = 0;
		};
/* End PBXFrameworksBuildPhase section */

/* Begin PBXGroup section */
		3C583CBF2C3446F6000FA7B2 = {
			isa = PBXGroup;
			children = (
				3C583CCA2C3446F6000FA7B2 /* HyroxFit2 */,
				3C583CC92C3446F6000FA7B2 /* Products */,
			);
			sourceTree = "<group>";
		};
		3C583CC92C3446F6000FA7B2 /* Products */ = {
			isa = PBXGroup;
			children = (
				3C583CC82C3446F6000FA7B2 /* HyroxFit2.app */,
			);
			name = Products;
			sourceTree = "<group>";
		};
		3C583CCA2C3446F6000FA7B2 /* HyroxFit2 */ = {
			isa = PBXGroup;
			children = (
				3C583CCB2C3446F6000FA7B2 /* HyroxFit2App.swift */,
				3C583CCD2C3446F6000FA7B2 /* ContentView.swift */,
				3C32851B2C52EB2700C27545 /* CreateWorkout.swift */,
				3C32851D2C52EDD200C27545 /* WorkoutCreatedView.swift */,
				3C32850D2C518A9C00C27545 /* Avatar.swift */,
				3C32850F2C518AC700C27545 /* Heading.swift */,
				3C3285192C51900500C27545 /* test.swift */,
				3C3285112C518ADC00C27545 /* Title.swift */,
				3C3285132C518AF500C27545 /* WoofCard.swift */,
				3C3285152C518B0800C27545 /* WoofPost.swift */,
				3C3285172C518CB900C27545 /* Data.swift */,
				3C3285092C5155BD00C27545 /* ImageSection.swift */,
				3C3285072C51555700C27545 /* ButtonSection.swift */,
				3C32850B2C515B5000C27545 /* TextSection.swift */,
				3C583CCF2C3446F8000FA7B2 /* Assets.xcassets */,
				3C583CD12C3446F8000FA7B2 /* Preview Content */,
			);
			path = HyroxFit2;
			sourceTree = "<group>";
		};
		3C583CD12C3446F8000FA7B2 /* Preview Content */ = {
			isa = PBXGroup;
			children = (
				3C583CD22C3446F8000FA7B2 /* Preview Assets.xcassets */,
			);
			path = "Preview Content";
			sourceTree = "<group>";
		};
/* End PBXGroup section */

/* Begin PBXNativeTarget section */
		3C583CC72C3446F6000FA7B2 /* HyroxFit2 */ = {
			isa = PBXNativeTarget;
			buildConfigurationList = 3C583CD62C3446F8000FA7B2 /* Build configuration list for PBXNativeTarget "HyroxFit2" */;
			buildPhases = (
				3C583CC42C3446F6000FA7B2 /* Sources */,
				3C583CC52C3446F6000FA7B2 /* Frameworks */,
				3C583CC62C3446F6000FA7B2 /* Resources */,
			);
			buildRules = (
			);
			dependencies = (
			);
			name = HyroxFit2;
			productName = HyroxFit2;
			productReference = 3C583CC82C3446F6000FA7B2 /* HyroxFit2.app */;
			productType = "com.apple.product-type.application";
		};
/* End PBXNativeTarget section */

/* Begin PBXProject section */
		3C583CC02C3446F6000FA7B2 /* Project object */ = {
			isa = PBXProject;
			attributes = {
				BuildIndependentTargetsInParallel = 1;
				LastSwiftUpdateCheck = 1540;
				LastUpgradeCheck = 1540;
				TargetAttributes = {
					3C583CC72C3446F6000FA7B2 = {
						CreatedOnToolsVersion = 15.4;
					};
				};
			};
			buildConfigurationList = 3C583CC32C3446F6000FA7B2 /* Build configuration list for PBXProject "HyroxFit2" */;
			compatibilityVersion = "Xcode 14.0";
			developmentRegion = en;
			hasScannedForEncodings = 0;
			knownRegions = (
				en,
				Base,
			);
			mainGroup = 3C583CBF2C3446F6000FA7B2;
			productRefGroup = 3C583CC92C3446F6000FA7B2 /* Products */;
			projectDirPath = "";
			projectRoot = "";
			targets = (
				3C583CC72C3446F6000FA7B2 /* HyroxFit2 */,
			);
		};
/* End PBXProject section */

/* Begin PBXResourcesBuildPhase section */
		3C583CC62C3446F6000FA7B2 /* Resources */ = {
			isa = PBXResourcesBuildPhase;
			buildActionMask = 2147483647;
			files = (
				3C583CD32C3446F8000FA7B2 /* Preview Assets.xcassets in Resources */,
				3C583CD02C3446F8000FA7B2 /* Assets.xcassets in Resources */,
			);
			runOnlyForDeploymentPostprocessing = 0;
		};
/* End PBXResourcesBuildPhase section */

/* Begin PBXSourcesBuildPhase section */
		3C583CC42C3446F6000FA7B2 /* Sources */ = {
			isa = PBXSourcesBuildPhase;
			buildActionMask = 2147483647;
			files = (
				3C3285122C518ADC00C27545 /* Title.swift in Sources */,
				3C32851C2C52EB2700C27545 /* CreateWorkout.swift in Sources */,
				3C32851A2C51900500C27545 /* test.swift in Sources */,
				3C3285162C518B0800C27545 /* WoofPost.swift in Sources */,
				3C32850E2C518A9C00C27545 /* Avatar.swift in Sources */,
				3C583CCE2C3446F6000FA7B2 /* ContentView.swift in Sources */,
				3C3285182C518CB900C27545 /* Data.swift in Sources */,
				3C32850A2C5155BD00C27545 /* ImageSection.swift in Sources */,
				3C32850C2C515B5000C27545 /* TextSection.swift in Sources */,
				3C32851E2C52EDD200C27545 /* WorkoutCreatedView.swift in Sources */,
				3C3285082C51555700C27545 /* ButtonSection.swift in Sources */,
				3C583CCC2C3446F6000FA7B2 /* HyroxFit2App.swift in Sources */,
				3C3285142C518AF500C27545 /* WoofCard.swift in Sources */,
				3C3285102C518AC700C27545 /* Heading.swift in Sources */,
			);
			runOnlyForDeploymentPostprocessing = 0;
		};
/* End PBXSourcesBuildPhase section */

/* Begin XCBuildConfiguration section */
		3C583CD42C3446F8000FA7B2 /* Debug */ = {
			isa = XCBuildConfiguration;
			buildSettings = {
				ALWAYS_SEARCH_USER_PATHS = NO;
				ASSETCATALOG_COMPILER_GENERATE_SWIFT_ASSET_SYMBOL_EXTENSIONS = YES;
				CLANG_ANALYZER_NONNULL = YES;
				CLANG_ANALYZER_NUMBER_OBJECT_CONVERSION = YES_AGGRESSIVE;
				CLANG_CXX_LANGUAGE_STANDARD = "gnu++20";
				CLANG_ENABLE_MODULES = YES;
				CLANG_ENABLE_OBJC_ARC = YES;
				CLANG_ENABLE_OBJC_WEAK = YES;
				CLANG_WARN_BLOCK_CAPTURE_AUTORELEASING = YES;
				CLANG_WARN_BOOL_CONVERSION = YES;
				CLANG_WARN_COMMA = YES;
				CLANG_WARN_CONSTANT_CONVERSION = YES;
				CLANG_WARN_DEPRECATED_OBJC_IMPLEMENTATIONS = YES;
				CLANG_WARN_DIRECT_OBJC_ISA_USAGE = YES_ERROR;
				CLANG_WARN_DOCUMENTATION_COMMENTS = YES;
				CLANG_WARN_EMPTY_BODY = YES;
				CLANG_WARN_ENUM_CONVERSION = YES;
				CLANG_WARN_INFINITE_RECURSION = YES;
				CLANG_WARN_INT_CONVERSION = YES;
				CLANG_WARN_NON_LITERAL_NULL_CONVERSION = YES;
				CLANG_WARN_OBJC_IMPLICIT_RETAIN_SELF = YES;
				CLANG_WARN_OBJC_LITERAL_CONVERSION = YES;
				CLANG_WARN_OBJC_ROOT_CLASS = YES_ERROR;
				CLANG_WARN_QUOTED_INCLUDE_IN_FRAMEWORK_HEADER = YES;
				CLANG_WARN_RANGE_LOOP_ANALYSIS = YES;
				CLANG_WARN_STRICT_PROTOTYPES = YES;
				CLANG_WARN_SUSPICIOUS_MOVE = YES;
				CLANG_WARN_UNGUARDED_AVAILABILITY = YES_AGGRESSIVE;
				CLANG_WARN_UNREACHABLE_CODE = YES;
				CLANG_WARN__DUPLICATE_METHOD_MATCH = YES;
				COPY_PHASE_STRIP = NO;
				DEBUG_INFORMATION_FORMAT = dwarf;
				ENABLE_STRICT_OBJC_MSGSEND = YES;
				ENABLE_TESTABILITY = YES;
				ENABLE_USER_SCRIPT_SANDBOXING = YES;
				GCC_C_LANGUAGE_STANDARD = gnu17;
				GCC_DYNAMIC_NO_PIC = NO;
				GCC_NO_COMMON_BLOCKS = YES;
				GCC_OPTIMIZATION_LEVEL = 0;
				GCC_PREPROCESSOR_DEFINITIONS = (
					"DEBUG=1",
					"$(inherited)",
				);
				GCC_WARN_64_TO_32_BIT_CONVERSION = YES;
				GCC_WARN_ABOUT_RETURN_TYPE = YES_ERROR;
				GCC_WARN_UNDECLARED_SELECTOR = YES;
				GCC_WARN_UNINITIALIZED_AUTOS = YES_AGGRESSIVE;
				GCC_WARN_UNUSED_FUNCTION = YES;
				GCC_WARN_UNUSED_VARIABLE = YES;
				IPHONEOS_DEPLOYMENT_TARGET = 17.5;
				LOCALIZATION_PREFERS_STRING_CATALOGS = YES;
				MTL_ENABLE_DEBUG_INFO = INCLUDE_SOURCE;
				MTL_FAST_MATH = YES;
				ONLY_ACTIVE_ARCH = YES;
				SDKROOT = iphoneos;
				SWIFT_ACTIVE_COMPILATION_CONDITIONS = "DEBUG $(inherited)";
				SWIFT_OPTIMIZATION_LEVEL = "-Onone";
			};
			name = Debug;
		};
		3C583CD52C3446F8000FA7B2 /* Release */ = {
			isa = XCBuildConfiguration;
			buildSettings = {
				ALWAYS_SEARCH_USER_PATHS = NO;
				ASSETCATALOG_COMPILER_GENERATE_SWIFT_ASSET_SYMBOL_EXTENSIONS = YES;
				CLANG_ANALYZER_NONNULL = YES;
				CLANG_ANALYZER_NUMBER_OBJECT_CONVERSION = YES_AGGRESSIVE;
				CLANG_CXX_LANGUAGE_STANDARD = "gnu++20";
				CLANG_ENABLE_MODULES = YES;
				CLANG_ENABLE_OBJC_ARC = YES;
				CLANG_ENABLE_OBJC_WEAK = YES;
				CLANG_WARN_BLOCK_CAPTURE_AUTORELEASING = YES;
				CLANG_WARN_BOOL_CONVERSION = YES;
				CLANG_WARN_COMMA = YES;
				CLANG_WARN_CONSTANT_CONVERSION = YES;
				CLANG_WARN_DEPRECATED_OBJC_IMPLEMENTATIONS = YES;
				CLANG_WARN_DIRECT_OBJC_ISA_USAGE = YES_ERROR;
				CLANG_WARN_DOCUMENTATION_COMMENTS = YES;
				CLANG_WARN_EMPTY_BODY = YES;
				CLANG_WARN_ENUM_CONVERSION = YES;
				CLANG_WARN_INFINITE_RECURSION = YES;
				CLANG_WARN_INT_CONVERSION = YES;
				CLANG_WARN_NON_LITERAL_NULL_CONVERSION = YES;
				CLANG_WARN_OBJC_IMPLICIT_RETAIN_SELF = YES;
				CLANG_WARN_OBJC_LITERAL_CONVERSION = YES;
				CLANG_WARN_OBJC_ROOT_CLASS = YES_ERROR;
				CLANG_WARN_QUOTED_INCLUDE_IN_FRAMEWORK_HEADER = YES;
				CLANG_WARN_RANGE_LOOP_ANALYSIS = YES;
				CLANG_WARN_STRICT_PROTOTYPES = YES;
				CLANG_WARN_SUSPICIOUS_MOVE = YES;
				CLANG_WARN_UNGUARDED_AVAILABILITY = YES_AGGRESSIVE;
				CLANG_WARN_UNREACHABLE_CODE = YES;
				CLANG_WARN__DUPLICATE_METHOD_MATCH = YES;
				COPY_PHASE_STRIP = NO;
				DEBUG_INFORMATION_FORMAT = "dwarf-with-dsym";
				ENABLE_NS_ASSERTIONS = NO;
				ENABLE_STRICT_OBJC_MSGSEND = YES;
				ENABLE_USER_SCRIPT_SANDBOXING = YES;
				GCC_C_LANGUAGE_STANDARD = gnu17;
				GCC_NO_COMMON_BLOCKS = YES;
				GCC_WARN_64_TO_32_BIT_CONVERSION = YES;
				GCC_WARN_ABOUT_RETURN_TYPE = YES_ERROR;
				GCC_WARN_UNDECLARED_SELECTOR = YES;
				GCC_WARN_UNINITIALIZED_AUTOS = YES_AGGRESSIVE;
				GCC_WARN_UNUSED_FUNCTION = YES;
				GCC_WARN_UNUSED_VARIABLE = YES;
				IPHONEOS_DEPLOYMENT_TARGET = 17.5;
				LOCALIZATION_PREFERS_STRING_CATALOGS = YES;
				MTL_ENABLE_DEBUG_INFO = NO;
				MTL_FAST_MATH = YES;
				SDKROOT = iphoneos;
				SWIFT_COMPILATION_MODE = wholemodule;
				VALIDATE_PRODUCT = YES;
			};
			name = Release;
		};
		3C583CD72C3446F8000FA7B2 /* Debug */ = {
			isa = XCBuildConfiguration;
			buildSettings = {
				ASSETCATALOG_COMPILER_APPICON_NAME = AppIcon;
				ASSETCATALOG_COMPILER_GLOBAL_ACCENT_COLOR_NAME = AccentColor;
				CODE_SIGN_STYLE = Automatic;
				CURRENT_PROJECT_VERSION = 1;
				DEVELOPMENT_ASSET_PATHS = "\"HyroxFit2/Preview Content\"";
				DEVELOPMENT_TEAM = W3CHHS3A79;
				ENABLE_PREVIEWS = YES;
				GENERATE_INFOPLIST_FILE = YES;
				INFOPLIST_KEY_UIApplicationSceneManifest_Generation = YES;
				INFOPLIST_KEY_UIApplicationSupportsIndirectInputEvents = YES;
				INFOPLIST_KEY_UILaunchScreen_Generation = YES;
				INFOPLIST_KEY_UISupportedInterfaceOrientations_iPad = "UIInterfaceOrientationPortrait UIInterfaceOrientationPortraitUpsideDown UIInterfaceOrientationLandscapeLeft UIInterfaceOrientationLandscapeRight";
				INFOPLIST_KEY_UISupportedInterfaceOrientations_iPhone = "UIInterfaceOrientationPortrait UIInterfaceOrientationLandscapeLeft UIInterfaceOrientationLandscapeRight";
				LD_RUNPATH_SEARCH_PATHS = (
					"$(inherited)",
					"@executable_path/Frameworks",
				);
				MARKETING_VERSION = 1.0;
				PRODUCT_BUNDLE_IDENTIFIER = RyanCokely.HyroxFit2;
				PRODUCT_NAME = "$(TARGET_NAME)";
				SWIFT_EMIT_LOC_STRINGS = YES;
				SWIFT_VERSION = 5.0;
				TARGETED_DEVICE_FAMILY = "1,2";
			};
			name = Debug;
		};
		3C583CD82C3446F8000FA7B2 /* Release */ = {
			isa = XCBuildConfiguration;
			buildSettings = {
				ASSETCATALOG_COMPILER_APPICON_NAME = AppIcon;
				ASSETCATALOG_COMPILER_GLOBAL_ACCENT_COLOR_NAME = AccentColor;
				CODE_SIGN_STYLE = Automatic;
				CURRENT_PROJECT_VERSION = 1;
				DEVELOPMENT_ASSET_PATHS = "\"HyroxFit2/Preview Content\"";
				DEVELOPMENT_TEAM = W3CHHS3A79;
				ENABLE_PREVIEWS = YES;
				GENERATE_INFOPLIST_FILE = YES;
				INFOPLIST_KEY_UIApplicationSceneManifest_Generation = YES;
				INFOPLIST_KEY_UIApplicationSupportsIndirectInputEvents = YES;
				INFOPLIST_KEY_UILaunchScreen_Generation = YES;
				INFOPLIST_KEY_UISupportedInterfaceOrientations_iPad = "UIInterfaceOrientationPortrait UIInterfaceOrientationPortraitUpsideDown UIInterfaceOrientationLandscapeLeft UIInterfaceOrientationLandscapeRight";
				INFOPLIST_KEY_UISupportedInterfaceOrientations_iPhone = "UIInterfaceOrientationPortrait UIInterfaceOrientationLandscapeLeft UIInterfaceOrientationLandscapeRight";
				LD_RUNPATH_SEARCH_PATHS = (
					"$(inherited)",
					"@executable_path/Frameworks",
				);
				MARKETING_VERSION = 1.0;
				PRODUCT_BUNDLE_IDENTIFIER = RyanCokely.HyroxFit2;
				PRODUCT_NAME = "$(TARGET_NAME)";
				SWIFT_EMIT_LOC_STRINGS = YES;
				SWIFT_VERSION = 5.0;
				TARGETED_DEVICE_FAMILY = "1,2";
			};
			name = Release;
		};
/* End XCBuildConfiguration section */

/* Begin XCConfigurationList section */
		3C583CC32C3446F6000FA7B2 /* Build configuration list for PBXProject "HyroxFit2" */ = {
			isa = XCConfigurationList;
			buildConfigurations = (
				3C583CD42C3446F8000FA7B2 /* Debug */,
				3C583CD52C3446F8000FA7B2 /* Release */,
			);
			defaultConfigurationIsVisible = 0;
			defaultConfigurationName = Release;
		};
		3C583CD62C3446F8000FA7B2 /* Build configuration list for PBXNativeTarget "HyroxFit2" */ = {
			isa = XCConfigurationList;
			buildConfigurations = (
				3C583CD72C3446F8000FA7B2 /* Debug */,
				3C583CD82C3446F8000FA7B2 /* Release */,
			);
			defaultConfigurationIsVisible = 0;
			defaultConfigurationName = Release;
		};
/* End XCConfigurationList section */
	};
	rootObject = 3C583CC02C3446F6000FA7B2 /* Project object */;
}
